
Microsoft Visual Studio Solution File, Format Version 12.00
# Visual Studio Version 17
VisualStudioVersion = 17.5.33424.131
MinimumVisualStudioVersion = 10.0.40219.1
Project("{9A19103F-16F7-4668-BE54-9A1E7A4F7556}") = "WriteFile", "WebAPI\WriteFile.csproj", "{04D0753C-D9FF-4201-B696-59B5A276E97C}"
EndProject
Project("{9A19103F-16F7-4668-BE54-9A1E7A4F7556}") = "ReadFile", "ReadFile\ReadFile.csproj", "{28B4FE20-8B2F-45B1-AEC3-3CC67C6A28CA}"
EndProject
Project("{FAE04EC0-301F-11D3-BF4B-00C04F79EFBC}") = "ConnectDB", "ConnectDB\ConnectDB.csproj", "{9BDAEA94-7268-498F-A46B-B472AA234465}"
EndProject
Global
	GlobalSection(SolutionConfigurationPlatforms) = preSolution
		Debug|Any CPU = Debug|Any CPU
		Release|Any CPU = Release|Any CPU
	EndGlobalSection
	GlobalSection(ProjectConfigurationPlatforms) = postSolution
		{04D0753C-D9FF-4201-B696-59B5A276E97C}.Debug|Any CPU.ActiveCfg = Debug|Any CPU
		{04D0753C-D9FF-4201-B696-59B5A276E97C}.Debug|Any CPU.Build.0 = Debug|Any CPU
		{04D0753C-D9FF-4201-B696-59B5A276E97C}.Release|Any CPU.ActiveCfg = Release|Any CPU
		{04D0753C-D9FF-4201-B696-59B5A276E97C}.Release|Any CPU.Build.0 = Release|Any CPU
		{28B4FE20-8B2F-45B1-AEC3-3CC67C6A28CA}.Debug|Any CPU.ActiveCfg = Debug|Any CPU
		{28B4FE20-8B2F-45B1-AEC3-3CC67C6A28CA}.Debug|Any CPU.Build.0 = Debug|Any CPU
		{28B4FE20-8B2F-45B1-AEC3-3CC67C6A28CA}.Release|Any CPU.ActiveCfg = Release|Any CPU
		{28B4FE20-8B2F-45B1-AEC3-3CC67C6A28CA}.Release|Any CPU.Build.0 = Release|Any CPU
		{9BDAEA94-7268-498F-A46B-B472AA234465}.Debug|Any CPU.ActiveCfg = Debug|Any CPU
		{9BDAEA94-7268-498F-A46B-B472AA234465}.Debug|Any CPU.Build.0 = Debug|Any CPU
		{9BDAEA94-7268-498F-A46B-B472AA234465}.Release|Any CPU.ActiveCfg = Release|Any CPU
		{9BDAEA94-7268-498F-A46B-B472AA234465}.Release|Any CPU.Build.0 = Release|Any CPU
	EndGlobalSection
	GlobalSection(SolutionProperties) = preSolution
		HideSolutionNode = FALSE
	EndGlobalSection
	GlobalSection(ExtensibilityGlobals) = postSolution
		SolutionGuid = {4D5F0967-555F-4940-A874-452F070D50A4}
	EndGlobalSection
EndGlobal
